// !$*UTF8*$!
{
	archiveVersion = 1;
	classes = {
	};
	objectVersion = 48;
	objects = {

/* Begin PBXBuildFile section */
		9F5390FD1FCD6ABC0018C86B /*  Taco.swift in Sources */ = {isa = PBXBuildFile; fileRef = 9F5390FC1FCD6ABC0018C86B /*  Taco.swift */; };
		9F5390FF1FCD6F5E0018C86B /* DataService.swift in Sources */ = {isa = PBXBuildFile; fileRef = 9F5390FE1FCD6F5E0018C86B /* DataService.swift */; };
		9F5391021FCD777F0018C86B /* TacoCell.swift in Sources */ = {isa = PBXBuildFile; fileRef = 9F5391001FCD777F0018C86B /* TacoCell.swift */; };
		9F5391031FCD777F0018C86B /* TacoCell.xib in Resources */ = {isa = PBXBuildFile; fileRef = 9F5391011FCD777F0018C86B /* TacoCell.xib */; };
		9F5391051FCD7D940018C86B /* ReusableView.swift in Sources */ = {isa = PBXBuildFile; fileRef = 9F5391041FCD7D940018C86B /* ReusableView.swift */; };
		9F5391071FCD7E290018C86B /* NibLoadableView.swift in Sources */ = {isa = PBXBuildFile; fileRef = 9F5391061FCD7E290018C86B /* NibLoadableView.swift */; };
		9F5391091FCD7E940018C86B /* UICollectionView+Ext.swift in Sources */ = {isa = PBXBuildFile; fileRef = 9F5391081FCD7E940018C86B /* UICollectionView+Ext.swift */; };
		9F53910D1FCD85430018C86B /* MutableCollection+Ext.swift in Sources */ = {isa = PBXBuildFile; fileRef = 9F53910C1FCD85430018C86B /* MutableCollection+Ext.swift */; };
		9F53910F1FCD88180018C86B /* Shakeable.swift in Sources */ = {isa = PBXBuildFile; fileRef = 9F53910E1FCD88180018C86B /* Shakeable.swift */; };
		9F7A9A871FCC4FFB00482D42 /* AppDelegate.swift in Sources */ = {isa = PBXBuildFile; fileRef = 9F7A9A861FCC4FFB00482D42 /* AppDelegate.swift */; };
		9F7A9A8C1FCC4FFC00482D42 /* Main.storyboard in Resources */ = {isa = PBXBuildFile; fileRef = 9F7A9A8A1FCC4FFC00482D42 /* Main.storyboard */; };
		9F7A9A8E1FCC4FFC00482D42 /* Assets.xcassets in Resources */ = {isa = PBXBuildFile; fileRef = 9F7A9A8D1FCC4FFC00482D42 /* Assets.xcassets */; };
		9F7A9A911FCC4FFC00482D42 /* LaunchScreen.storyboard in Resources */ = {isa = PBXBuildFile; fileRef = 9F7A9A8F1FCC4FFC00482D42 /* LaunchScreen.storyboard */; };
		9F7A9AAD1FCC50D800482D42 /* MainVC.swift in Sources */ = {isa = PBXBuildFile; fileRef = 9F7A9AAC1FCC50D800482D42 /* MainVC.swift */; };
		9F7A9AAF1FCC52A900482D42 /* DropShadow.swift in Sources */ = {isa = PBXBuildFile; fileRef = 9F7A9AAE1FCC52A900482D42 /* DropShadow.swift */; };
		9F7A9AB11FCC53C600482D42 /* HeaderView.swift in Sources */ = {isa = PBXBuildFile; fileRef = 9F7A9AB01FCC53C600482D42 /* HeaderView.swift */; };
/* End PBXBuildFile section */

/* Begin PBXContainerItemProxy section */
		9F7A9A981FCC4FFC00482D42 /* PBXContainerItemProxy */ = {
			isa = PBXContainerItemProxy;
			containerPortal = 9F7A9A7B1FCC4FFB00482D42 /* Project object */;
			proxyType = 1;
			remoteGlobalIDString = 9F7A9A821FCC4FFB00482D42;
			remoteInfo = TacoPOP;
		};
/* End PBXContainerItemProxy section */

/* Begin PBXFileReference section */
		9F5390FC1FCD6ABC0018C86B /*  Taco.swift */ = {isa = PBXFileReference; lastKnownFileType = sourcecode.swift; path = " Taco.swift"; sourceTree = "<group>"; };
		9F5390FE1FCD6F5E0018C86B /* DataService.swift */ = {isa = PBXFileReference; lastKnownFileType = sourcecode.swift; path = DataService.swift; sourceTree = "<group>"; };
		9F5391001FCD777F0018C86B /* TacoCell.swift */ = {isa = PBXFileReference; lastKnownFileType = sourcecode.swift; path = TacoCell.swift; sourceTree = "<group>"; };
		9F5391011FCD777F0018C86B /* TacoCell.xib */ = {isa = PBXFileReference; lastKnownFileType = file.xib; path = TacoCell.xib; sourceTree = "<group>"; };
		9F5391041FCD7D940018C86B /* ReusableView.swift */ = {isa = PBXFileReference; lastKnownFileType = sourcecode.swift; path = ReusableView.swift; sourceTree = "<group>"; };
		9F5391061FCD7E290018C86B /* NibLoadableView.swift */ = {isa = PBXFileReference; lastKnownFileType = sourcecode.swift; path = NibLoadableView.swift; sourceTree = "<group>"; };
		9F5391081FCD7E940018C86B /* UICollectionView+Ext.swift */ = {isa = PBXFileReference; lastKnownFileType = sourcecode.swift; path = "UICollectionView+Ext.swift"; sourceTree = "<group>"; };
		9F53910C1FCD85430018C86B /* MutableCollection+Ext.swift */ = {isa = PBXFileReference; lastKnownFileType = sourcecode.swift; path = "MutableCollection+Ext.swift"; sourceTree = "<group>"; };
		9F53910E1FCD88180018C86B /* Shakeable.swift */ = {isa = PBXFileReference; lastKnownFileType = sourcecode.swift; path = Shakeable.swift; sourceTree = "<group>"; };
		9F7A9A831FCC4FFB00482D42 /* TacoPOP.app */ = {isa = PBXFileReference; explicitFileType = wrapper.application; includeInIndex = 0; path = TacoPOP.app; sourceTree = BUILT_PRODUCTS_DIR; };
		9F7A9A861FCC4FFB00482D42 /* AppDelegate.swift */ = {isa = PBXFileReference; lastKnownFileType = sourcecode.swift; path = AppDelegate.swift; sourceTree = "<group>"; };
		9F7A9A8B1FCC4FFC00482D42 /* Base */ = {isa = PBXFileReference; lastKnownFileType = file.storyboard; name = Base; path = Base.lproj/Main.storyboard; sourceTree = "<group>"; };
		9F7A9A8D1FCC4FFC00482D42 /* Assets.xcassets */ = {isa = PBXFileReference; lastKnownFileType = folder.assetcatalog; path = Assets.xcassets; sourceTree = "<group>"; };
		9F7A9A901FCC4FFC00482D42 /* Base */ = {isa = PBXFileReference; lastKnownFileType = file.storyboard; name = Base; path = Base.lproj/LaunchScreen.storyboard; sourceTree = "<group>"; };
		9F7A9A921FCC4FFC00482D42 /* Info.plist */ = {isa = PBXFileReference; lastKnownFileType = text.plist.xml; path = Info.plist; sourceTree = "<group>"; };
		9F7A9A971FCC4FFC00482D42 /* TacoPOPTests.xctest */ = {isa = PBXFileReference; explicitFileType = wrapper.cfbundle; includeInIndex = 0; path = TacoPOPTests.xctest; sourceTree = BUILT_PRODUCTS_DIR; };
		9F7A9AAC1FCC50D800482D42 /* MainVC.swift */ = {isa = PBXFileReference; lastKnownFileType = sourcecode.swift; path = MainVC.swift; sourceTree = "<group>"; };
		9F7A9AAE1FCC52A900482D42 /* DropShadow.swift */ = {isa = PBXFileReference; lastKnownFileType = sourcecode.swift; path = DropShadow.swift; sourceTree = "<group>"; };
		9F7A9AB01FCC53C600482D42 /* HeaderView.swift */ = {isa = PBXFileReference; lastKnownFileType = sourcecode.swift; path = HeaderView.swift; sourceTree = "<group>"; };
/* End PBXFileReference section */

/* Begin PBXFrameworksBuildPhase section */
		9F7A9A801FCC4FFB00482D42 /* Frameworks */ = {
			isa = PBXFrameworksBuildPhase;
			buildActionMask = 2147483647;
			files = (
			);
			runOnlyForDeploymentPostprocessing = 0;
		};
		9F7A9A941FCC4FFC00482D42 /* Frameworks */ = {
			isa = PBXFrameworksBuildPhase;
			buildActionMask = 2147483647;
			files = (
			);
			runOnlyForDeploymentPostprocessing = 0;
		};
/* End PBXFrameworksBuildPhase section */

/* Begin PBXGroup section */
		9F7A9A7A1FCC4FFB00482D42 = {
			isa = PBXGroup;
			children = (
				9F7A9A851FCC4FFB00482D42 /* TacoPOP */,
				9F7A9A841FCC4FFB00482D42 /* Products */,
			);
			sourceTree = "<group>";
		};
		9F7A9A841FCC4FFB00482D42 /* Products */ = {
			isa = PBXGroup;
			children = (
				9F7A9A831FCC4FFB00482D42 /* TacoPOP.app */,
				9F7A9A971FCC4FFC00482D42 /* TacoPOPTests.xctest */,
			);
			name = Products;
			sourceTree = "<group>";
		};
		9F7A9A851FCC4FFB00482D42 /* TacoPOP */ = {
			isa = PBXGroup;
			children = (
				9F7A9A921FCC4FFC00482D42 /* Info.plist */,
				9F7A9A8A1FCC4FFC00482D42 /* Main.storyboard */,
				9F7A9A8F1FCC4FFC00482D42 /* LaunchScreen.storyboard */,
				9F7A9AAB1FCC505E00482D42 /* Extensions */,
				9F7A9AAA1FCC505900482D42 /* Protocols */,
				9F7A9AA71FCC503C00482D42 /* Model */,
				9F7A9AA81FCC504300482D42 /* View */,
				9F7A9AA61FCC501900482D42 /* Controller */,
				9F7A9AA91FCC504E00482D42 /* Resources */,
			);
			path = TacoPOP;
			sourceTree = "<group>";
		};
		9F7A9AA61FCC501900482D42 /* Controller */ = {
			isa = PBXGroup;
			children = (
				9F7A9A861FCC4FFB00482D42 /* AppDelegate.swift */,
				9F7A9AAC1FCC50D800482D42 /* MainVC.swift */,
			);
			path = Controller;
			sourceTree = "<group>";
		};
		9F7A9AA71FCC503C00482D42 /* Model */ = {
			isa = PBXGroup;
			children = (
				9F5390FC1FCD6ABC0018C86B /*  Taco.swift */,
				9F5390FE1FCD6F5E0018C86B /* DataService.swift */,
			);
			path = Model;
			sourceTree = "<group>";
		};
		9F7A9AA81FCC504300482D42 /* View */ = {
			isa = PBXGroup;
			children = (
				9F7A9AB01FCC53C600482D42 /* HeaderView.swift */,
				9F5391001FCD777F0018C86B /* TacoCell.swift */,
				9F5391011FCD777F0018C86B /* TacoCell.xib */,
			);
			path = View;
			sourceTree = "<group>";
		};
		9F7A9AA91FCC504E00482D42 /* Resources */ = {
			isa = PBXGroup;
			children = (
				9F7A9A8D1FCC4FFC00482D42 /* Assets.xcassets */,
			);
			path = Resources;
			sourceTree = "<group>";
		};
		9F7A9AAA1FCC505900482D42 /* Protocols */ = {
			isa = PBXGroup;
			children = (
				9F7A9AAE1FCC52A900482D42 /* DropShadow.swift */,
				9F5391041FCD7D940018C86B /* ReusableView.swift */,
				9F5391061FCD7E290018C86B /* NibLoadableView.swift */,
				9F53910E1FCD88180018C86B /* Shakeable.swift */,
			);
			path = Protocols;
			sourceTree = "<group>";
		};
		9F7A9AAB1FCC505E00482D42 /* Extensions */ = {
			isa = PBXGroup;
			children = (
				9F5391081FCD7E940018C86B /* UICollectionView+Ext.swift */,
				9F53910C1FCD85430018C86B /* MutableCollection+Ext.swift */,
			);
			path = Extensions;
			sourceTree = "<group>";
		};
/* End PBXGroup section */

/* Begin PBXNativeTarget section */
		9F7A9A821FCC4FFB00482D42 /* TacoPOP */ = {
			isa = PBXNativeTarget;
			buildConfigurationList = 9F7A9AA01FCC4FFC00482D42 /* Build configuration list for PBXNativeTarget "TacoPOP" */;
			buildPhases = (
				9F7A9A7F1FCC4FFB00482D42 /* Sources */,
				9F7A9A801FCC4FFB00482D42 /* Frameworks */,
				9F7A9A811FCC4FFB00482D42 /* Resources */,
			);
			buildRules = (
			);
			dependencies = (
			);
			name = TacoPOP;
			productName = TacoPOP;
			productReference = 9F7A9A831FCC4FFB00482D42 /* TacoPOP.app */;
			productType = "com.apple.product-type.application";
		};
		9F7A9A961FCC4FFC00482D42 /* TacoPOPTests */ = {
			isa = PBXNativeTarget;
			buildConfigurationList = 9F7A9AA31FCC4FFC00482D42 /* Build configuration list for PBXNativeTarget "TacoPOPTests" */;
			buildPhases = (
				9F7A9A931FCC4FFC00482D42 /* Sources */,
				9F7A9A941FCC4FFC00482D42 /* Frameworks */,
				9F7A9A951FCC4FFC00482D42 /* Resources */,
			);
			buildRules = (
			);
			dependencies = (
				9F7A9A991FCC4FFC00482D42 /* PBXTargetDependency */,
			);
			name = TacoPOPTests;
			productName = TacoPOPTests;
			productReference = 9F7A9A971FCC4FFC00482D42 /* TacoPOPTests.xctest */;
			productType = "com.apple.product-type.bundle.unit-test";
		};
/* End PBXNativeTarget section */

/* Begin PBXProject section */
		9F7A9A7B1FCC4FFB00482D42 /* Project object */ = {
			isa = PBXProject;
			attributes = {
				LastSwiftUpdateCheck = 0910;
				LastUpgradeCheck = 1000;
				ORGANIZATIONNAME = "Kristijan Ivanov";
				TargetAttributes = {
					9F7A9A821FCC4FFB00482D42 = {
						CreatedOnToolsVersion = 9.1;
						ProvisioningStyle = Automatic;
					};
					9F7A9A961FCC4FFC00482D42 = {
						CreatedOnToolsVersion = 9.1;
						ProvisioningStyle = Automatic;
						TestTargetID = 9F7A9A821FCC4FFB00482D42;
					};
				};
			};
			buildConfigurationList = 9F7A9A7E1FCC4FFB00482D42 /* Build configuration list for PBXProject "TacoPOP" */;
			compatibilityVersion = "Xcode 8.0";
			developmentRegion = en;
			hasScannedForEncodings = 0;
			knownRegions = (
				en,
				Base,
			);
			mainGroup = 9F7A9A7A1FCC4FFB00482D42;
			productRefGroup = 9F7A9A841FCC4FFB00482D42 /* Products */;
			projectDirPath = "";
			projectRoot = "";
			targets = (
				9F7A9A821FCC4FFB00482D42 /* TacoPOP */,
				9F7A9A961FCC4FFC00482D42 /* TacoPOPTests */,
			);
		};
/* End PBXProject section */

/* Begin PBXResourcesBuildPhase section */
		9F7A9A811FCC4FFB00482D42 /* Resources */ = {
			isa = PBXResourcesBuildPhase;
			buildActionMask = 2147483647;
			files = (
				9F5391031FCD777F0018C86B /* TacoCell.xib in Resources */,
				9F7A9A911FCC4FFC00482D42 /* LaunchScreen.storyboard in Resources */,
				9F7A9A8E1FCC4FFC00482D42 /* Assets.xcassets in Resources */,
				9F7A9A8C1FCC4FFC00482D42 /* Main.storyboard in Resources */,
			);
			runOnlyForDeploymentPostprocessing = 0;
		};
		9F7A9A951FCC4FFC00482D42 /* Resources */ = {
			isa = PBXResourcesBuildPhase;
			buildActionMask = 2147483647;
			files = (
			);
			runOnlyForDeploymentPostprocessing = 0;
		};
/* End PBXResourcesBuildPhase section */

/* Begin PBXSourcesBuildPhase section */
		9F7A9A7F1FCC4FFB00482D42 /* Sources */ = {
			isa = PBXSourcesBuildPhase;
			buildActionMask = 2147483647;
			files = (
				9F5391021FCD777F0018C86B /* TacoCell.swift in Sources */,
				9F53910D1FCD85430018C86B /* MutableCollection+Ext.swift in Sources */,
				9F7A9A871FCC4FFB00482D42 /* AppDelegate.swift in Sources */,
				9F7A9AAF1FCC52A900482D42 /* DropShadow.swift in Sources */,
				9F5391071FCD7E290018C86B /* NibLoadableView.swift in Sources */,
				9F5391091FCD7E940018C86B /* UICollectionView+Ext.swift in Sources */,
				9F5391051FCD7D940018C86B /* ReusableView.swift in Sources */,
				9F7A9AAD1FCC50D800482D42 /* MainVC.swift in Sources */,
				9F5390FF1FCD6F5E0018C86B /* DataService.swift in Sources */,
				9F7A9AB11FCC53C600482D42 /* HeaderView.swift in Sources */,
				9F53910F1FCD88180018C86B /* Shakeable.swift in Sources */,
				9F5390FD1FCD6ABC0018C86B /*  Taco.swift in Sources */,
			);
			runOnlyForDeploymentPostprocessing = 0;
		};
		9F7A9A931FCC4FFC00482D42 /* Sources */ = {
			isa = PBXSourcesBuildPhase;
			buildActionMask = 2147483647;
			files = (
			);
			runOnlyForDeploymentPostprocessing = 0;
		};
/* End PBXSourcesBuildPhase section */

/* Begin PBXTargetDependency section */
		9F7A9A991FCC4FFC00482D42 /* PBXTargetDependency */ = {
			isa = PBXTargetDependency;
			target = 9F7A9A821FCC4FFB00482D42 /* TacoPOP */;
			targetProxy = 9F7A9A981FCC4FFC00482D42 /* PBXContainerItemProxy */;
		};
/* End PBXTargetDependency section */

/* Begin PBXVariantGroup section */
		9F7A9A8A1FCC4FFC00482D42 /* Main.storyboard */ = {
			isa = PBXVariantGroup;
			children = (
				9F7A9A8B1FCC4FFC00482D42 /* Base */,
			);
			name = Main.storyboard;
			sourceTree = "<group>";
		};
		9F7A9A8F1FCC4FFC00482D42 /* LaunchScreen.storyboard */ = {
			isa = PBXVariantGroup;
			children = (
				9F7A9A901FCC4FFC00482D42 /* Base */,
			);
			name = LaunchScreen.storyboard;
			sourceTree = "<group>";
		};
/* End PBXVariantGroup section */

/* Begin XCBuildConfiguration section */
		9F7A9A9E1FCC4FFC00482D42 /* Debug */ = {
			isa = XCBuildConfiguration;
			buildSettings = {
				ALWAYS_SEARCH_USER_PATHS = NO;
				CLANG_ANALYZER_NONNULL = YES;
				CLANG_ANALYZER_NUMBER_OBJECT_CONVERSION = YES_AGGRESSIVE;
				CLANG_CXX_LANGUAGE_STANDARD = "gnu++14";
				CLANG_CXX_LIBRARY = "libc++";
				CLANG_ENABLE_MODULES = YES;
				CLANG_ENABLE_OBJC_ARC = YES;
				CLANG_WARN_BLOCK_CAPTURE_AUTORELEASING = YES;
				CLANG_WARN_BOOL_CONVERSION = YES;
				CLANG_WARN_COMMA = YES;
				CLANG_WARN_CONSTANT_CONVERSION = YES;
				CLANG_WARN_DEPRECATED_OBJC_IMPLEMENTATIONS = YES;
				CLANG_WARN_DIRECT_OBJC_ISA_USAGE = YES_ERROR;
				CLANG_WARN_DOCUMENTATION_COMMENTS = YES;
				CLANG_WARN_EMPTY_BODY = YES;
				CLANG_WARN_ENUM_CONVERSION = YES;
				CLANG_WARN_INFINITE_RECURSION = YES;
				CLANG_WARN_INT_CONVERSION = YES;
				CLANG_WARN_NON_LITERAL_NULL_CONVERSION = YES;
				CLANG_WARN_OBJC_IMPLICIT_RETAIN_SELF = YES;
				CLANG_WARN_OBJC_LITERAL_CONVERSION = YES;
				CLANG_WARN_OBJC_ROOT_CLASS = YES_ERROR;
				CLANG_WARN_RANGE_LOOP_ANALYSIS = YES;
				CLANG_WARN_STRICT_PROTOTYPES = YES;
				CLANG_WARN_SUSPICIOUS_MOVE = YES;
				CLANG_WARN_UNGUARDED_AVAILABILITY = YES_AGGRESSIVE;
				CLANG_WARN_UNREACHABLE_CODE = YES;
				CLANG_WARN__DUPLICATE_METHOD_MATCH = YES;
				CODE_SIGN_IDENTITY = "iPhone Developer";
				COPY_PHASE_STRIP = NO;
				DEBUG_INFORMATION_FORMAT = dwarf;
				ENABLE_STRICT_OBJC_MSGSEND = YES;
				ENABLE_TESTABILITY = YES;
				GCC_C_LANGUAGE_STANDARD = gnu11;
				GCC_DYNAMIC_NO_PIC = NO;
				GCC_NO_COMMON_BLOCKS = YES;
				GCC_OPTIMIZATION_LEVEL = 0;
				GCC_PREPROCESSOR_DEFINITIONS = (
					"DEBUG=1",
					"$(inherited)",
				);
				GCC_WARN_64_TO_32_BIT_CONVERSION = YES;
				GCC_WARN_ABOUT_RETURN_TYPE = YES_ERROR;
				GCC_WARN_UNDECLARED_SELECTOR = YES;
				GCC_WARN_UNINITIALIZED_AUTOS = YES_AGGRESSIVE;
				GCC_WARN_UNUSED_FUNCTION = YES;
				GCC_WARN_UNUSED_VARIABLE = YES;
				IPHONEOS_DEPLOYMENT_TARGET = 11.1;
				MTL_ENABLE_DEBUG_INFO = YES;
				ONLY_ACTIVE_ARCH = YES;
				SDKROOT = iphoneos;
				SWIFT_ACTIVE_COMPILATION_CONDITIONS = DEBUG;
				SWIFT_OPTIMIZATION_LEVEL = "-Onone";
			};
			name = Debug;
		};
		9F7A9A9F1FCC4FFC00482D42 /* Release */ = {
			isa = XCBuildConfiguration;
			buildSettings = {
				ALWAYS_SEARCH_USER_PATHS = NO;
				CLANG_ANALYZER_NONNULL = YES;
				CLANG_ANALYZER_NUMBER_OBJECT_CONVERSION = YES_AGGRESSIVE;
				CLANG_CXX_LANGUAGE_STANDARD = "gnu++14";
				CLANG_CXX_LIBRARY = "libc++";
				CLANG_ENABLE_MODULES = YES;
				CLANG_ENABLE_OBJC_ARC = YES;
				CLANG_WARN_BLOCK_CAPTURE_AUTORELEASING = YES;
				CLANG_WARN_BOOL_CONVERSION = YES;
				CLANG_WARN_COMMA = YES;
				CLANG_WARN_CONSTANT_CONVERSION = YES;
				CLANG_WARN_DEPRECATED_OBJC_IMPLEMENTATIONS = YES;
				CLANG_WARN_DIRECT_OBJC_ISA_USAGE = YES_ERROR;
				CLANG_WARN_DOCUMENTATION_COMMENTS = YES;
				CLANG_WARN_EMPTY_BODY = YES;
				CLANG_WARN_ENUM_CONVERSION = YES;
				CLANG_WARN_INFINITE_RECURSION = YES;
				CLANG_WARN_INT_CONVERSION = YES;
				CLANG_WARN_NON_LITERAL_NULL_CONVERSION = YES;
				CLANG_WARN_OBJC_IMPLICIT_RETAIN_SELF = YES;
				CLANG_WARN_OBJC_LITERAL_CONVERSION = YES;
				CLANG_WARN_OBJC_ROOT_CLASS = YES_ERROR;
				CLANG_WARN_RANGE_LOOP_ANALYSIS = YES;
				CLANG_WARN_STRICT_PROTOTYPES = YES;
				CLANG_WARN_SUSPICIOUS_MOVE = YES;
				CLANG_WARN_UNGUARDED_AVAILABILITY = YES_AGGRESSIVE;
				CLANG_WARN_UNREACHABLE_CODE = YES;
				CLANG_WARN__DUPLICATE_METHOD_MATCH = YES;
				CODE_SIGN_IDENTITY = "iPhone Developer";
				COPY_PHASE_STRIP = NO;
				DEBUG_INFORMATION_FORMAT = "dwarf-with-dsym";
				ENABLE_NS_ASSERTIONS = NO;
				ENABLE_STRICT_OBJC_MSGSEND = YES;
				GCC_C_LANGUAGE_STANDARD = gnu11;
				GCC_NO_COMMON_BLOCKS = YES;
				GCC_WARN_64_TO_32_BIT_CONVERSION = YES;
				GCC_WARN_ABOUT_RETURN_TYPE = YES_ERROR;
				GCC_WARN_UNDECLARED_SELECTOR = YES;
				GCC_WARN_UNINITIALIZED_AUTOS = YES_AGGRESSIVE;
				GCC_WARN_UNUSED_FUNCTION = YES;
				GCC_WARN_UNUSED_VARIABLE = YES;
				IPHONEOS_DEPLOYMENT_TARGET = 11.1;
				MTL_ENABLE_DEBUG_INFO = NO;
				SDKROOT = iphoneos;
				SWIFT_OPTIMIZATION_LEVEL = "-Owholemodule";
				VALIDATE_PRODUCT = YES;
			};
			name = Release;
		};
		9F7A9AA11FCC4FFC00482D42 /* Debug */ = {
			isa = XCBuildConfiguration;
			buildSettings = {
				ASSETCATALOG_COMPILER_APPICON_NAME = AppIcon;
				CODE_SIGN_STYLE = Automatic;
				INFOPLIST_FILE = TacoPOP/Info.plist;
				LD_RUNPATH_SEARCH_PATHS = "$(inherited) @executable_path/Frameworks";
				PRODUCT_BUNDLE_IDENTIFIER = teddy.TacoPOP;
				PRODUCT_NAME = "$(TARGET_NAME)";
				SWIFT_VERSION = 4.0;
				TARGETED_DEVICE_FAMILY = "1,2";
			};
			name = Debug;
		};
		9F7A9AA21FCC4FFC00482D42 /* Release */ = {
			isa = XCBuildConfiguration;
			buildSettings = {
				ASSETCATALOG_COMPILER_APPICON_NAME = AppIcon;
				CODE_SIGN_STYLE = Automatic;
				INFOPLIST_FILE = TacoPOP/Info.plist;
				LD_RUNPATH_SEARCH_PATHS = "$(inherited) @executable_path/Frameworks";
				PRODUCT_BUNDLE_IDENTIFIER = teddy.TacoPOP;
				PRODUCT_NAME = "$(TARGET_NAME)";
				SWIFT_VERSION = 4.0;
				TARGETED_DEVICE_FAMILY = "1,2";
			};
			name = Release;
		};
		9F7A9AA41FCC4FFC00482D42 /* Debug */ = {
			isa = XCBuildConfiguration;
			buildSettings = {
				ALWAYS_EMBED_SWIFT_STANDARD_LIBRARIES = YES;
				BUNDLE_LOADER = "$(TEST_HOST)";
				CODE_SIGN_STYLE = Automatic;
				INFOPLIST_FILE = TacoPOPTests/Info.plist;
				LD_RUNPATH_SEARCH_PATHS = "$(inherited) @executable_path/Frameworks @loader_path/Frameworks";
				PRODUCT_BUNDLE_IDENTIFIER = teddy.TacoPOPTests;
				PRODUCT_NAME = "$(TARGET_NAME)";
				SWIFT_VERSION = 4.0;
				TARGETED_DEVICE_FAMILY = "1,2";
				TEST_HOST = "$(BUILT_PRODUCTS_DIR)/TacoPOP.app/TacoPOP";
			};
			name = Debug;
		};
		9F7A9AA51FCC4FFC00482D42 /* Release */ = {
			isa = XCBuildConfiguration;
			buildSettings = {
				ALWAYS_EMBED_SWIFT_STANDARD_LIBRARIES = YES;
				BUNDLE_LOADER = "$(TEST_HOST)";
				CODE_SIGN_STYLE = Automatic;
				INFOPLIST_FILE = TacoPOPTests/Info.plist;
				LD_RUNPATH_SEARCH_PATHS = "$(inherited) @executable_path/Frameworks @loader_path/Frameworks";
				PRODUCT_BUNDLE_IDENTIFIER = teddy.TacoPOPTests;
				PRODUCT_NAME = "$(TARGET_NAME)";
				SWIFT_VERSION = 4.0;
				TARGETED_DEVICE_FAMILY = "1,2";
				TEST_HOST = "$(BUILT_PRODUCTS_DIR)/TacoPOP.app/TacoPOP";
			};
			name = Release;
		};
/* End XCBuildConfiguration section */

/* Begin XCConfigurationList section */
		9F7A9A7E1FCC4FFB00482D42 /* Build configuration list for PBXProject "TacoPOP" */ = {
			isa = XCConfigurationList;
			buildConfigurations = (
				9F7A9A9E1FCC4FFC00482D42 /* Debug */,
				9F7A9A9F1FCC4FFC00482D42 /* Release */,
			);
			defaultConfigurationIsVisible = 0;
			defaultConfigurationName = Release;
		};
		9F7A9AA01FCC4FFC00482D42 /* Build configuration list for PBXNativeTarget "TacoPOP" */ = {
			isa = XCConfigurationList;
			buildConfigurations = (
				9F7A9AA11FCC4FFC00482D42 /* Debug */,
				9F7A9AA21FCC4FFC00482D42 /* Release */,
			);
			defaultConfigurationIsVisible = 0;
			defaultConfigurationName = Release;
		};
		9F7A9AA31FCC4FFC00482D42 /* Build configuration list for PBXNativeTarget "TacoPOPTests" */ = {
			isa = XCConfigurationList;
			buildConfigurations = (
				9F7A9AA41FCC4FFC00482D42 /* Debug */,
				9F7A9AA51FCC4FFC00482D42 /* Release */,
			);
			defaultConfigurationIsVisible = 0;
			defaultConfigurationName = Release;
		};
/* End XCConfigurationList section */
	};
	rootObject = 9F7A9A7B1FCC4FFB00482D42 /* Project object */;
}
